// !$*UTF8*$!
{
	archiveVersion = 1;
	classes = {
	};
	objectVersion = 46;
	objects = {

/* Begin PBXBuildFile section */
		FD0B17B71A85F9C9000803D8 /* Foundation.framework in Frameworks */ = {isa = PBXBuildFile; fileRef = FD0B17B61A85F9C9000803D8 /* Foundation.framework */; };
		FD0B17B91A85F9C9000803D8 /* CoreGraphics.framework in Frameworks */ = {isa = PBXBuildFile; fileRef = FD0B17B81A85F9C9000803D8 /* CoreGraphics.framework */; };
		FD0B17BB1A85F9C9000803D8 /* UIKit.framework in Frameworks */ = {isa = PBXBuildFile; fileRef = FD0B17BA1A85F9C9000803D8 /* UIKit.framework */; };
		FD0B17C11A85F9C9000803D8 /* InfoPlist.strings in Resources */ = {isa = PBXBuildFile; fileRef = FD0B17BF1A85F9C9000803D8 /* InfoPlist.strings */; };
		FD0B17C31A85F9C9000803D8 /* main.m in Sources */ = {isa = PBXBuildFile; fileRef = FD0B17C21A85F9C9000803D8 /* main.m */; };
		FD0B17C71A85F9C9000803D8 /* AppDelegate.m in Sources */ = {isa = PBXBuildFile; fileRef = FD0B17C61A85F9C9000803D8 /* AppDelegate.m */; };
		FD0B17CA1A85F9C9000803D8 /* Main.storyboard in Resources */ = {isa = PBXBuildFile; fileRef = FD0B17C81A85F9C9000803D8 /* Main.storyboard */; };
		FD0B17CD1A85F9C9000803D8 /* ViewController.m in Sources */ = {isa = PBXBuildFile; fileRef = FD0B17CC1A85F9C9000803D8 /* ViewController.m */; };
		FD0B17CF1A85F9C9000803D8 /* Images.xcassets in Resources */ = {isa = PBXBuildFile; fileRef = FD0B17CE1A85F9C9000803D8 /* Images.xcassets */; };
		FD0B17D61A85F9C9000803D8 /* XCTest.framework in Frameworks */ = {isa = PBXBuildFile; fileRef = FD0B17D51A85F9C9000803D8 /* XCTest.framework */; };
		FD0B17D71A85F9C9000803D8 /* Foundation.framework in Frameworks */ = {isa = PBXBuildFile; fileRef = FD0B17B61A85F9C9000803D8 /* Foundation.framework */; };
		FD0B17D81A85F9C9000803D8 /* UIKit.framework in Frameworks */ = {isa = PBXBuildFile; fileRef = FD0B17BA1A85F9C9000803D8 /* UIKit.framework */; };
		FD0B17E01A85F9C9000803D8 /* InfoPlist.strings in Resources */ = {isa = PBXBuildFile; fileRef = FD0B17DE1A85F9C9000803D8 /* InfoPlist.strings */; };
		FD0B17E21A85F9C9000803D8 /* NCATests.m in Sources */ = {isa = PBXBuildFile; fileRef = FD0B17E11A85F9C9000803D8 /* NCATests.m */; };
/* End PBXBuildFile section */

/* Begin PBXContainerItemProxy section */
		FD0B17D91A85F9C9000803D8 /* PBXContainerItemProxy */ = {
			isa = PBXContainerItemProxy;
			containerPortal = FD0B17AB1A85F9C9000803D8 /* Project object */;
			proxyType = 1;
			remoteGlobalIDString = FD0B17B21A85F9C9000803D8;
			remoteInfo = NCA;
		};
/* End PBXContainerItemProxy section */

/* Begin PBXFileReference section */
		FD0B17B31A85F9C9000803D8 /* NCA.app */ = {isa = PBXFileReference; explicitFileType = wrapper.application; includeInIndex = 0; path = NCA.app; sourceTree = BUILT_PRODUCTS_DIR; };
		FD0B17B61A85F9C9000803D8 /* Foundation.framework */ = {isa = PBXFileReference; lastKnownFileType = wrapper.framework; name = Foundation.framework; path = System/Library/Frameworks/Foundation.framework; sourceTree = SDKROOT; };
		FD0B17B81A85F9C9000803D8 /* CoreGraphics.framework */ = {isa = PBXFileReference; lastKnownFileType = wrapper.framework; name = CoreGraphics.framework; path = System/Library/Frameworks/CoreGraphics.framework; sourceTree = SDKROOT; };
		FD0B17BA1A85F9C9000803D8 /* UIKit.framework */ = {isa = PBXFileReference; lastKnownFileType = wrapper.framework; name = UIKit.framework; path = System/Library/Frameworks/UIKit.framework; sourceTree = SDKROOT; };
		FD0B17BE1A85F9C9000803D8 /* NCA-Info.plist */ = {isa = PBXFileReference; lastKnownFileType = text.plist.xml; path = "NCA-Info.plist"; sourceTree = "<group>"; };
		FD0B17C01A85F9C9000803D8 /* en */ = {isa = PBXFileReference; lastKnownFileType = text.plist.strings; name = en; path = en.lproj/InfoPlist.strings; sourceTree = "<group>"; };
		FD0B17C21A85F9C9000803D8 /* main.m */ = {isa = PBXFileReference; lastKnownFileType = sourcecode.c.objc; path = main.m; sourceTree = "<group>"; };
		FD0B17C41A85F9C9000803D8 /* NCA-Prefix.pch */ = {isa = PBXFileReference; lastKnownFileType = sourcecode.c.h; path = "NCA-Prefix.pch"; sourceTree = "<group>"; };
		FD0B17C51A85F9C9000803D8 /* AppDelegate.h */ = {isa = PBXFileReference; lastKnownFileType = sourcecode.c.h; path = AppDelegate.h; sourceTree = "<group>"; };
		FD0B17C61A85F9C9000803D8 /* AppDelegate.m */ = {isa = PBXFileReference; lastKnownFileType = sourcecode.c.objc; path = AppDelegate.m; sourceTree = "<group>"; };
		FD0B17C91A85F9C9000803D8 /* Base */ = {isa = PBXFileReference; lastKnownFileType = file.storyboard; name = Base; path = Base.lproj/Main.storyboard; sourceTree = "<group>"; };
		FD0B17CB1A85F9C9000803D8 /* ViewController.h */ = {isa = PBXFileReference; lastKnownFileType = sourcecode.c.h; path = ViewController.h; sourceTree = "<group>"; };
		FD0B17CC1A85F9C9000803D8 /* ViewController.m */ = {isa = PBXFileReference; lastKnownFileType = sourcecode.c.objc; path = ViewController.m; sourceTree = "<group>"; };
		FD0B17CE1A85F9C9000803D8 /* Images.xcassets */ = {isa = PBXFileReference; lastKnownFileType = folder.assetcatalog; path = Images.xcassets; sourceTree = "<group>"; };
		FD0B17D41A85F9C9000803D8 /* NCATests.xctest */ = {isa = PBXFileReference; explicitFileType = wrapper.cfbundle; includeInIndex = 0; path = NCATests.xctest; sourceTree = BUILT_PRODUCTS_DIR; };
		FD0B17D51A85F9C9000803D8 /* XCTest.framework */ = {isa = PBXFileReference; lastKnownFileType = wrapper.framework; name = XCTest.framework; path = Library/Frameworks/XCTest.framework; sourceTree = DEVELOPER_DIR; };
		FD0B17DD1A85F9C9000803D8 /* NCATests-Info.plist */ = {isa = PBXFileReference; lastKnownFileType = text.plist.xml; path = "NCATests-Info.plist"; sourceTree = "<group>"; };
		FD0B17DF1A85F9C9000803D8 /* en */ = {isa = PBXFileReference; lastKnownFileType = text.plist.strings; name = en; path = en.lproj/InfoPlist.strings; sourceTree = "<group>"; };
		FD0B17E11A85F9C9000803D8 /* NCATests.m */ = {isa = PBXFileReference; lastKnownFileType = sourcecode.c.objc; path = NCATests.m; sourceTree = "<group>"; };
/* End PBXFileReference section */

/* Begin PBXFrameworksBuildPhase section */
		FD0B17B01A85F9C9000803D8 /* Frameworks */ = {
			isa = PBXFrameworksBuildPhase;
			buildActionMask = 2147483647;
			files = (
				FD0B17B91A85F9C9000803D8 /* CoreGraphics.framework in Frameworks */,
				FD0B17BB1A85F9C9000803D8 /* UIKit.framework in Frameworks */,
				FD0B17B71A85F9C9000803D8 /* Foundation.framework in Frameworks */,
			);
			runOnlyForDeploymentPostprocessing = 0;
		};
		FD0B17D11A85F9C9000803D8 /* Frameworks */ = {
			isa = PBXFrameworksBuildPhase;
			buildActionMask = 2147483647;
			files = (
				FD0B17D61A85F9C9000803D8 /* XCTest.framework in Frameworks */,
				FD0B17D81A85F9C9000803D8 /* UIKit.framework in Frameworks */,
				FD0B17D71A85F9C9000803D8 /* Foundation.framework in Frameworks */,
			);
			runOnlyForDeploymentPostprocessing = 0;
		};
/* End PBXFrameworksBuildPhase section */

/* Begin PBXGroup section */
		FD0B17AA1A85F9C9000803D8 = {
			isa = PBXGroup;
			children = (
				FD0B17BC1A85F9C9000803D8 /* NCA */,
				FD0B17DB1A85F9C9000803D8 /* NCATests */,
				FD0B17B51A85F9C9000803D8 /* Frameworks */,
				FD0B17B41A85F9C9000803D8 /* Products */,
			);
			sourceTree = "<group>";
		};
		FD0B17B41A85F9C9000803D8 /* Products */ = {
			isa = PBXGroup;
			children = (
				FD0B17B31A85F9C9000803D8 /* NCA.app */,
				FD0B17D41A85F9C9000803D8 /* NCATests.xctest */,
			);
			name = Products;
			sourceTree = "<group>";
		};
		FD0B17B51A85F9C9000803D8 /* Frameworks */ = {
			isa = PBXGroup;
			children = (
				FD0B17B61A85F9C9000803D8 /* Foundation.framework */,
				FD0B17B81A85F9C9000803D8 /* CoreGraphics.framework */,
				FD0B17BA1A85F9C9000803D8 /* UIKit.framework */,
				FD0B17D51A85F9C9000803D8 /* XCTest.framework */,
			);
			name = Frameworks;
			sourceTree = "<group>";
		};
		FD0B17BC1A85F9C9000803D8 /* NCA */ = {
			isa = PBXGroup;
			children = (
				FD0B17C51A85F9C9000803D8 /* AppDelegate.h */,
				FD0B17C61A85F9C9000803D8 /* AppDelegate.m */,
				FD0B17C81A85F9C9000803D8 /* Main.storyboard */,
				FD0B17CB1A85F9C9000803D8 /* ViewController.h */,
				FD0B17CC1A85F9C9000803D8 /* ViewController.m */,
				FD0B17CE1A85F9C9000803D8 /* Images.xcassets */,
				FD0B17BD1A85F9C9000803D8 /* Supporting Files */,
			);
			path = NCA;
			sourceTree = "<group>";
		};
		FD0B17BD1A85F9C9000803D8 /* Supporting Files */ = {
			isa = PBXGroup;
			children = (
				FD0B17BE1A85F9C9000803D8 /* NCA-Info.plist */,
				FD0B17BF1A85F9C9000803D8 /* InfoPlist.strings */,
				FD0B17C21A85F9C9000803D8 /* main.m */,
				FD0B17C41A85F9C9000803D8 /* NCA-Prefix.pch */,
			);
			name = "Supporting Files";
			sourceTree = "<group>";
		};
		FD0B17DB1A85F9C9000803D8 /* NCATests */ = {
			isa = PBXGroup;
			children = (
				FD0B17E11A85F9C9000803D8 /* NCATests.m */,
				FD0B17DC1A85F9C9000803D8 /* Supporting Files */,
			);
			path = NCATests;
			sourceTree = "<group>";
		};
		FD0B17DC1A85F9C9000803D8 /* Supporting Files */ = {
			isa = PBXGroup;
			children = (
				FD0B17DD1A85F9C9000803D8 /* NCATests-Info.plist */,
				FD0B17DE1A85F9C9000803D8 /* InfoPlist.strings */,
			);
			name = "Supporting Files";
			sourceTree = "<group>";
		};
/* End PBXGroup section */

/* Begin PBXNativeTarget section */
		FD0B17B21A85F9C9000803D8 /* NCA */ = {
			isa = PBXNativeTarget;
			buildConfigurationList = FD0B17E51A85F9C9000803D8 /* Build configuration list for PBXNativeTarget "NCA" */;
			buildPhases = (
				FD0B17AF1A85F9C9000803D8 /* Sources */,
				FD0B17B01A85F9C9000803D8 /* Frameworks */,
				FD0B17B11A85F9C9000803D8 /* Resources */,
			);
			buildRules = (
			);
			dependencies = (
			);
			name = NCA;
			productName = NCA;
			productReference = FD0B17B31A85F9C9000803D8 /* NCA.app */;
			productType = "com.apple.product-type.application";
		};
		FD0B17D31A85F9C9000803D8 /* NCATests */ = {
			isa = PBXNativeTarget;
			buildConfigurationList = FD0B17E81A85F9C9000803D8 /* Build configuration list for PBXNativeTarget "NCATests" */;
			buildPhases = (
				FD0B17D01A85F9C9000803D8 /* Sources */,
				FD0B17D11A85F9C9000803D8 /* Frameworks */,
				FD0B17D21A85F9C9000803D8 /* Resources */,
			);
			buildRules = (
			);
			dependencies = (
				FD0B17DA1A85F9C9000803D8 /* PBXTargetDependency */,
			);
			name = NCATests;
			productName = NCATests;
			productReference = FD0B17D41A85F9C9000803D8 /* NCATests.xctest */;
			productType = "com.apple.product-type.bundle.unit-test";
		};
/* End PBXNativeTarget section */

/* Begin PBXProject section */
		FD0B17AB1A85F9C9000803D8 /* Project object */ = {
			isa = PBXProject;
			attributes = {
				LastUpgradeCheck = 0510;
				ORGANIZATIONNAME = BRN;
				TargetAttributes = {
					FD0B17D31A85F9C9000803D8 = {
						TestTargetID = FD0B17B21A85F9C9000803D8;
					};
				};
			};
			buildConfigurationList = FD0B17AE1A85F9C9000803D8 /* Build configuration list for PBXProject "NCA" */;
			compatibilityVersion = "Xcode 3.2";
			developmentRegion = English;
			hasScannedForEncodings = 0;
			knownRegions = (
				en,
				Base,
			);
			mainGroup = FD0B17AA1A85F9C9000803D8;
			productRefGroup = FD0B17B41A85F9C9000803D8 /* Products */;
			projectDirPath = "";
			projectRoot = "";
			targets = (
				FD0B17B21A85F9C9000803D8 /* NCA */,
				FD0B17D31A85F9C9000803D8 /* NCATests */,
			);
		};
/* End PBXProject section */

/* Begin PBXResourcesBuildPhase section */
		FD0B17B11A85F9C9000803D8 /* Resources */ = {
			isa = PBXResourcesBuildPhase;
			buildActionMask = 2147483647;
			files = (
				FD0B17CF1A85F9C9000803D8 /* Images.xcassets in Resources */,
				FD0B17C11A85F9C9000803D8 /* InfoPlist.strings in Resources */,
				FD0B17CA1A85F9C9000803D8 /* Main.storyboard in Resources */,
			);
			runOnlyForDeploymentPostprocessing = 0;
		};
		FD0B17D21A85F9C9000803D8 /* Resources */ = {
			isa = PBXResourcesBuildPhase;
			buildActionMask = 2147483647;
			files = (
				FD0B17E01A85F9C9000803D8 /* InfoPlist.strings in Resources */,
			);
			runOnlyForDeploymentPostprocessing = 0;
		};
/* End PBXResourcesBuildPhase section */

/* Begin PBXSourcesBuildPhase section */
		FD0B17AF1A85F9C9000803D8 /* Sources */ = {
			isa = PBXSourcesBuildPhase;
			buildActionMask = 2147483647;
			files = (
				FD0B17CD1A85F9C9000803D8 /* ViewController.m in Sources */,
				FD0B17C71A85F9C9000803D8 /* AppDelegate.m in Sources */,
				FD0B17C31A85F9C9000803D8 /* main.m in Sources */,
			);
			runOnlyForDeploymentPostprocessing = 0;
		};
		FD0B17D01A85F9C9000803D8 /* Sources */ = {
			isa = PBXSourcesBuildPhase;
			buildActionMask = 2147483647;
			files = (
				FD0B17E21A85F9C9000803D8 /* NCATests.m in Sources */,
			);
			runOnlyForDeploymentPostprocessing = 0;
		};
/* End PBXSourcesBuildPhase section */

/* Begin PBXTargetDependency section */
		FD0B17DA1A85F9C9000803D8 /* PBXTargetDependency */ = {
			isa = PBXTargetDependency;
			target = FD0B17B21A85F9C9000803D8 /* NCA */;
			targetProxy = FD0B17D91A85F9C9000803D8 /* PBXContainerItemProxy */;
		};
/* End PBXTargetDependency section */

/* Begin PBXVariantGroup section */
		FD0B17BF1A85F9C9000803D8 /* InfoPlist.strings */ = {
			isa = PBXVariantGroup;
			children = (
				FD0B17C01A85F9C9000803D8 /* en */,
			);
			name = InfoPlist.strings;
			sourceTree = "<group>";
		};
		FD0B17C81A85F9C9000803D8 /* Main.storyboard */ = {
			isa = PBXVariantGroup;
			children = (
				FD0B17C91A85F9C9000803D8 /* Base */,
			);
			name = Main.storyboard;
			sourceTree = "<group>";
		};
		FD0B17DE1A85F9C9000803D8 /* InfoPlist.strings */ = {
			isa = PBXVariantGroup;
			children = (
				FD0B17DF1A85F9C9000803D8 /* en */,
			);
			name = InfoPlist.strings;
			sourceTree = "<group>";
		};
/* End PBXVariantGroup section */

/* Begin XCBuildConfiguration section */
		FD0B17E31A85F9C9000803D8 /* Debug */ = {
			isa = XCBuildConfiguration;
			buildSettings = {
				ALWAYS_SEARCH_USER_PATHS = NO;
				CLANG_CXX_LANGUAGE_STANDARD = "gnu++0x";
				CLANG_CXX_LIBRARY = "libc++";
				CLANG_ENABLE_MODULES = YES;
				CLANG_ENABLE_OBJC_ARC = YES;
				CLANG_WARN_BOOL_CONVERSION = YES;
				CLANG_WARN_CONSTANT_CONVERSION = YES;
				CLANG_WARN_DIRECT_OBJC_ISA_USAGE = YES_ERROR;
				CLANG_WARN_EMPTY_BODY = YES;
				CLANG_WARN_ENUM_CONVERSION = YES;
				CLANG_WARN_INT_CONVERSION = YES;
				CLANG_WARN_OBJC_ROOT_CLASS = YES_ERROR;
				CLANG_WARN__DUPLICATE_METHOD_MATCH = YES;
				"CODE_SIGN_IDENTITY[sdk=iphoneos*]" = "iPhone Developer";
				COPY_PHASE_STRIP = NO;
				GCC_C_LANGUAGE_STANDARD = gnu99;
				GCC_DYNAMIC_NO_PIC = NO;
				GCC_OPTIMIZATION_LEVEL = 0;
				GCC_PREPROCESSOR_DEFINITIONS = (
					"DEBUG=1",
					"$(inherited)",
				);
				GCC_SYMBOLS_PRIVATE_EXTERN = NO;
				GCC_WARN_64_TO_32_BIT_CONVERSION = YES;
				GCC_WARN_ABOUT_RETURN_TYPE = YES_ERROR;
				GCC_WARN_UNDECLARED_SELECTOR = YES;
				GCC_WARN_UNINITIALIZED_AUTOS = YES_AGGRESSIVE;
				GCC_WARN_UNUSED_FUNCTION = YES;
				GCC_WARN_UNUSED_VARIABLE = YES;
				IPHONEOS_DEPLOYMENT_TARGET = 7.1;
				ONLY_ACTIVE_ARCH = YES;
				SDKROOT = iphoneos;
			};
			name = Debug;
		};
		FD0B17E41A85F9C9000803D8 /* Release */ = {
			isa = XCBuildConfiguration;
			buildSettings = {
				ALWAYS_SEARCH_USER_PATHS = NO;
				CLANG_CXX_LANGUAGE_STANDARD = "gnu++0x";
				CLANG_CXX_LIBRARY = "libc++";
				CLANG_ENABLE_MODULES = YES;
				CLANG_ENABLE_OBJC_ARC = YES;
				CLANG_WARN_BOOL_CONVERSION = YES;
				CLANG_WARN_CONSTANT_CONVERSION = YES;
				CLANG_WARN_DIRECT_OBJC_ISA_USAGE = YES_ERROR;
				CLANG_WARN_EMPTY_BODY = YES;
				CLANG_WARN_ENUM_CONVERSION = YES;
				CLANG_WARN_INT_CONVERSION = YES;
				CLANG_WARN_OBJC_ROOT_CLASS = YES_ERROR;
				CLANG_WARN__DUPLICATE_METHOD_MATCH = YES;
				"CODE_SIGN_IDENTITY[sdk=iphoneos*]" = "iPhone Developer";
				COPY_PHASE_STRIP = YES;
				ENABLE_NS_ASSERTIONS = NO;
				GCC_C_LANGUAGE_STANDARD = gnu99;
				GCC_WARN_64_TO_32_BIT_CONVERSION = YES;
				GCC_WARN_ABOUT_RETURN_TYPE = YES_ERROR;
				GCC_WARN_UNDECLARED_SELECTOR = YES;
				GCC_WARN_UNINITIALIZED_AUTOS = YES_AGGRESSIVE;
				GCC_WARN_UNUSED_FUNCTION = YES;
				GCC_WARN_UNUSED_VARIABLE = YES;
				IPHONEOS_DEPLOYMENT_TARGET = 7.1;
				SDKROOT = iphoneos;
				VALIDATE_PRODUCT = YES;
			};
			name = Release;
		};
		FD0B17E61A85F9C9000803D8 /* Debug */ = {
			isa = XCBuildConfiguration;
			buildSettings = {
				ASSETCATALOG_COMPILER_APPICON_NAME = AppIcon;
				ASSETCATALOG_COMPILER_LAUNCHIMAGE_NAME = LaunchImage;
				GCC_PRECOMPILE_PREFIX_HEADER = YES;
				GCC_PREFIX_HEADER = "NCA/NCA-Prefix.pch";
				INFOPLIST_FILE = "NCA/NCA-Info.plist";
				PRODUCT_NAME = "$(TARGET_NAME)";
				WRAPPER_EXTENSION = app;
			};
			name = Debug;
		};
		FD0B17E71A85F9C9000803D8 /* Release */ = {
			isa = XCBuildConfiguration;
			buildSettings = {
				ASSETCATALOG_COMPILER_APPICON_NAME = AppIcon;
				ASSETCATALOG_COMPILER_LAUNCHIMAGE_NAME = LaunchImage;
				GCC_PRECOMPILE_PREFIX_HEADER = YES;
				GCC_PREFIX_HEADER = "NCA/NCA-Prefix.pch";
				INFOPLIST_FILE = "NCA/NCA-Info.plist";
				PRODUCT_NAME = "$(TARGET_NAME)";
				WRAPPER_EXTENSION = app;
			};
			name = Release;
		};
		FD0B17E91A85F9C9000803D8 /* Debug */ = {
			isa = XCBuildConfiguration;
			buildSettings = {
				BUNDLE_LOADER = "$(BUILT_PRODUCTS_DIR)/NCA.app/NCA";
				FRAMEWORK_SEARCH_PATHS = (
					"$(SDKROOT)/Developer/Library/Frameworks",
					"$(inherited)",
					"$(DEVELOPER_FRAMEWORKS_DIR)",
				);
				GCC_PRECOMPILE_PREFIX_HEADER = YES;
				GCC_PREFIX_HEADER = "NCA/NCA-Prefix.pch";
				GCC_PREPROCESSOR_DEFINITIONS = (
					"DEBUG=1",
					"$(inherited)",
				);
				INFOPLIST_FILE = "NCATests/NCATests-Info.plist";
				PRODUCT_NAME = "$(TARGET_NAME)";
				TEST_HOST = "$(BUNDLE_LOADER)";
				WRAPPER_EXTENSION = xctest;
			};
			name = Debug;
		};
		FD0B17EA1A85F9C9000803D8 /* Release */ = {
			isa = XCBuildConfiguration;
			buildSettings = {
				BUNDLE_LOADER = "$(BUILT_PRODUCTS_DIR)/NCA.app/NCA";
				FRAMEWORK_SEARCH_PATHS = (
					"$(SDKROOT)/Developer/Library/Frameworks",
					"$(inherited)",
					"$(DEVELOPER_FRAMEWORKS_DIR)",
				);
				GCC_PRECOMPILE_PREFIX_HEADER = YES;
				GCC_PREFIX_HEADER = "NCA/NCA-Prefix.pch";
				INFOPLIST_FILE = "NCATests/NCATests-Info.plist";
				PRODUCT_NAME = "$(TARGET_NAME)";
				TEST_HOST = "$(BUNDLE_LOADER)";
				WRAPPER_EXTENSION = xctest;
			};
			name = Release;
		};
/* End XCBuildConfiguration section */

/* Begin XCConfigurationList section */
		FD0B17AE1A85F9C9000803D8 /* Build configuration list for PBXProject "NCA" */ = {
			isa = XCConfigurationList;
			buildConfigurations = (
				FD0B17E31A85F9C9000803D8 /* Debug */,
				FD0B17E41A85F9C9000803D8 /* Release */,
			);
			defaultConfigurationIsVisible = 0;
			defaultConfigurationName = Release;
		};
		FD0B17E51A85F9C9000803D8 /* Build configuration list for PBXNativeTarget "NCA" */ = {
			isa = XCConfigurationList;
			buildConfigurations = (
				FD0B17E61A85F9C9000803D8 /* Debug */,
				FD0B17E71A85F9C9000803D8 /* Release */,
			);
			defaultConfigurationIsVisible = 0;
		};
		FD0B17E81A85F9C9000803D8 /* Build configuration list for PBXNativeTarget "NCATests" */ = {
			isa = XCConfigurationList;
			buildConfigurations = (
				FD0B17E91A85F9C9000803D8 /* Debug */,
				FD0B17EA1A85F9C9000803D8 /* Release */,
			);
			defaultConfigurationIsVisible = 0;
		};
/* End XCConfigurationList section */
	};
	rootObject = FD0B17AB1A85F9C9000803D8 /* Project object */;
}
